
Microsoft Visual Studio Solution File, Format Version 12.00
# Visual Studio 14
VisualStudioVersion = 14.0.24720.0
MinimumVisualStudioVersion = 10.0.40219.1
Project("{FAE04EC0-301F-11D3-BF4B-00C04F79EFBC}") = "EnterpriseApp", "EnterpriseApp\EnterpriseApp.csproj", "{0A0384DF-2079-4376-8AE7-BAF5BC37467B}"
EndProject
Project("{FAE04EC0-301F-11D3-BF4B-00C04F79EFBC}") = "Common", "Common\Common.csproj", "{AFF47014-3D91-4D52-92DE-B1B91FA7B3B0}"
EndProject
Project("{FAE04EC0-301F-11D3-BF4B-00C04F79EFBC}") = "DataAccess", "DataAccess\DataAccess.csproj", "{81521771-4ADC-4E06-AB83-0C3FDE46C391}"
EndProject
Global
	GlobalSection(SolutionConfigurationPlatforms) = preSolution
		Debug|Any CPU = Debug|Any CPU
		Release|Any CPU = Release|Any CPU
	EndGlobalSection
	GlobalSection(ProjectConfigurationPlatforms) = postSolution
		{0A0384DF-2079-4376-8AE7-BAF5BC37467B}.Debug|Any CPU.ActiveCfg = Debug|Any CPU
		{0A0384DF-2079-4376-8AE7-BAF5BC37467B}.Debug|Any CPU.Build.0 = Debug|Any CPU
		{0A0384DF-2079-4376-8AE7-BAF5BC37467B}.Release|Any CPU.ActiveCfg = Release|Any CPU
		{0A0384DF-2079-4376-8AE7-BAF5BC37467B}.Release|Any CPU.Build.0 = Release|Any CPU
		{AFF47014-3D91-4D52-92DE-B1B91FA7B3B0}.Debug|Any CPU.ActiveCfg = Debug|Any CPU
		{AFF47014-3D91-4D52-92DE-B1B91FA7B3B0}.Debug|Any CPU.Build.0 = Debug|Any CPU
		{AFF47014-3D91-4D52-92DE-B1B91FA7B3B0}.Release|Any CPU.ActiveCfg = Release|Any CPU
		{AFF47014-3D91-4D52-92DE-B1B91FA7B3B0}.Release|Any CPU.Build.0 = Release|Any CPU
		{81521771-4ADC-4E06-AB83-0C3FDE46C391}.Debug|Any CPU.ActiveCfg = Debug|Any CPU
		{81521771-4ADC-4E06-AB83-0C3FDE46C391}.Debug|Any CPU.Build.0 = Debug|Any CPU
		{81521771-4ADC-4E06-AB83-0C3FDE46C391}.Release|Any CPU.ActiveCfg = Release|Any CPU
		{81521771-4ADC-4E06-AB83-0C3FDE46C391}.Release|Any CPU.Build.0 = Release|Any CPU
	EndGlobalSection
	GlobalSection(SolutionProperties) = preSolution
		HideSolutionNode = FALSE
	EndGlobalSection
EndGlobal
